
Microsoft Visual Studio Solution File, Format Version 12.00
# Visual Studio Version 17
VisualStudioVersion = 17.2.32616.157
MinimumVisualStudioVersion = 10.0.40219.1
Project("{9A19103F-16F7-4668-BE54-9A1E7A4F7556}") = "API", "API\API.csproj", "{7E0DA5F4-2FA4-4BB3-AD94-7D0B3351A979}"
EndProject
Project("{FAE04EC0-301F-11D3-BF4B-00C04F79EFBC}") = "MVCProject", "MVCProject\MVCProject.csproj", "{CCEEE2D3-CAB6-4B65-BB93-A0D7702DDD37}"
EndProject
Global
	GlobalSection(SolutionConfigurationPlatforms) = preSolution
		Debug|Any CPU = Debug|Any CPU
		Release|Any CPU = Release|Any CPU
	EndGlobalSection
	GlobalSection(ProjectConfigurationPlatforms) = postSolution
		{7E0DA5F4-2FA4-4BB3-AD94-7D0B3351A979}.Debug|Any CPU.ActiveCfg = Debug|Any CPU
		{7E0DA5F4-2FA4-4BB3-AD94-7D0B3351A979}.Debug|Any CPU.Build.0 = Debug|Any CPU
		{7E0DA5F4-2FA4-4BB3-AD94-7D0B3351A979}.Release|Any CPU.ActiveCfg = Release|Any CPU
		{7E0DA5F4-2FA4-4BB3-AD94-7D0B3351A979}.Release|Any CPU.Build.0 = Release|Any CPU
		{CCEEE2D3-CAB6-4B65-BB93-A0D7702DDD37}.Debug|Any CPU.ActiveCfg = Debug|Any CPU
		{CCEEE2D3-CAB6-4B65-BB93-A0D7702DDD37}.Debug|Any CPU.Build.0 = Debug|Any CPU
		{CCEEE2D3-CAB6-4B65-BB93-A0D7702DDD37}.Release|Any CPU.ActiveCfg = Release|Any CPU
		{CCEEE2D3-CAB6-4B65-BB93-A0D7702DDD37}.Release|Any CPU.Build.0 = Release|Any CPU
	EndGlobalSection
	GlobalSection(SolutionProperties) = preSolution
		HideSolutionNode = FALSE
	EndGlobalSection
	GlobalSection(ExtensibilityGlobals) = postSolution
		SolutionGuid = {E3299D23-5EB7-415F-A291-8356535E0071}
	EndGlobalSection
EndGlobal
